
Microsoft Visual Studio Solution File, Format Version 12.00
# Visual Studio Version 17
VisualStudioVersion = 17.0.31903.59
MinimumVisualStudioVersion = 10.0.40219.1
Project("{FAE04EC0-301F-11D3-BF4B-00C04F79EFBC}") = "Candidatos", "Candidatos\Candidatos.csproj", "{70097F20-663D-4E2B-BED4-C91099B6DF65}"
EndProject
Global
	GlobalSection(SolutionConfigurationPlatforms) = preSolution
		Debug|Any CPU = Debug|Any CPU
		Release|Any CPU = Release|Any CPU
	EndGlobalSection
	GlobalSection(SolutionProperties) = preSolution
		HideSolutionNode = FALSE
	EndGlobalSection
	GlobalSection(ProjectConfigurationPlatforms) = postSolution
		{70097F20-663D-4E2B-BED4-C91099B6DF65}.Debug|Any CPU.ActiveCfg = Debug|Any CPU
		{70097F20-663D-4E2B-BED4-C91099B6DF65}.Debug|Any CPU.Build.0 = Debug|Any CPU
		{70097F20-663D-4E2B-BED4-C91099B6DF65}.Release|Any CPU.ActiveCfg = Release|Any CPU
		{70097F20-663D-4E2B-BED4-C91099B6DF65}.Release|Any CPU.Build.0 = Release|Any CPU
	EndGlobalSection
EndGlobal
